// !$*UTF8*$!
{
	archiveVersion = 1;
	classes = {
	};
	objectVersion = 55;
	objects = {

/* Begin PBXBuildFile section */
		1A1A6398285CB94B0076B343 /* NewWeatherViewModel.swift in Sources */ = {isa = PBXBuildFile; fileRef = 1A1A6397285CB94B0076B343 /* NewWeatherViewModel.swift */; };
		1A1C381B285F623500563115 /* IntExtension.swift in Sources */ = {isa = PBXBuildFile; fileRef = 1A1C381A285F623500563115 /* IntExtension.swift */; };
		1A488F3A2835130000868C6E /* URLImage in Frameworks */ = {isa = PBXBuildFile; productRef = 1A488F392835130000868C6E /* URLImage */; };
		1A488F3C2835130000868C6E /* URLImageStore in Frameworks */ = {isa = PBXBuildFile; productRef = 1A488F3B2835130000868C6E /* URLImageStore */; };
		1A488F3E28354B8C00868C6E /* DoubleExtension.swift in Sources */ = {isa = PBXBuildFile; fileRef = 1A488F3D28354B8B00868C6E /* DoubleExtension.swift */; };
		1A6F73B0285E058E005E0EF0 /* WeatherAPIError.swift in Sources */ = {isa = PBXBuildFile; fileRef = 1A6F73AF285E058E005E0EF0 /* WeatherAPIError.swift */; };
		1A709226282FB77300477A91 /* ViewExtension.swift in Sources */ = {isa = PBXBuildFile; fileRef = 1A709225282FB77300477A91 /* ViewExtension.swift */; };
		1A70922A282FD35A00477A91 /* NetworkService.swift in Sources */ = {isa = PBXBuildFile; fileRef = 1A709229282FD35A00477A91 /* NetworkService.swift */; };
		1A70922C282FD8F700477A91 /* NetworkDataFetcher.swift in Sources */ = {isa = PBXBuildFile; fileRef = 1A70922B282FD8F700477A91 /* NetworkDataFetcher.swift */; };
		1A70922F282FE25100477A91 /* LocationModel.swift in Sources */ = {isa = PBXBuildFile; fileRef = 1A70922E282FE25100477A91 /* LocationModel.swift */; };
		1A7092312830007C00477A91 /* WeatherModel.swift in Sources */ = {isa = PBXBuildFile; fileRef = 1A7092302830007C00477A91 /* WeatherModel.swift */; };
		1A781AEA2836C4610030AEDE /* NavigationBarModifier.swift in Sources */ = {isa = PBXBuildFile; fileRef = 1A781AE92836C4610030AEDE /* NavigationBarModifier.swift */; };
		1A89D5B42833D20F00511D48 /* LocationManager.swift in Sources */ = {isa = PBXBuildFile; fileRef = 1A89D5B32833D20F00511D48 /* LocationManager.swift */; };
		1A89D5B82834079200511D48 /* WeatherViewModel.swift in Sources */ = {isa = PBXBuildFile; fileRef = 1A89D5B72834079200511D48 /* WeatherViewModel.swift */; };
		1AA3C56A28367D5D003A0D07 /* WeatherManager.swift in Sources */ = {isa = PBXBuildFile; fileRef = 1AA3C56928367D5D003A0D07 /* WeatherManager.swift */; };
		1AA3C56D28368943003A0D07 /* Constants.swift in Sources */ = {isa = PBXBuildFile; fileRef = 1AA3C56C28368943003A0D07 /* Constants.swift */; };
		1AA3C56F28368BB9003A0D07 /* PreviewWeatherModel.swift in Sources */ = {isa = PBXBuildFile; fileRef = 1AA3C56E28368BB9003A0D07 /* PreviewWeatherModel.swift */; };
		1AA3C57128369933003A0D07 /* StatefulPreviewWrapper.swift in Sources */ = {isa = PBXBuildFile; fileRef = 1AA3C57028369933003A0D07 /* StatefulPreviewWrapper.swift */; };
		1AA40F4228327F950016EE1D /* LocationView.swift in Sources */ = {isa = PBXBuildFile; fileRef = 1AA40F4128327F950016EE1D /* LocationView.swift */; };
		1AA40F462832D91F0016EE1D /* UserDefaultsExtension.swift in Sources */ = {isa = PBXBuildFile; fileRef = 1AA40F452832D91F0016EE1D /* UserDefaultsExtension.swift */; };
		1AC05CE5282E88A8006C22BE /* MyWeatherApp.swift in Sources */ = {isa = PBXBuildFile; fileRef = 1AC05CE4282E88A8006C22BE /* MyWeatherApp.swift */; };
		1AC05CE7282E88A8006C22BE /* ContentView.swift in Sources */ = {isa = PBXBuildFile; fileRef = 1AC05CE6282E88A8006C22BE /* ContentView.swift */; };
		1AC05CE9282E88AB006C22BE /* Assets.xcassets in Resources */ = {isa = PBXBuildFile; fileRef = 1AC05CE8282E88AB006C22BE /* Assets.xcassets */; };
		1AC05CEC282E88AB006C22BE /* Preview Assets.xcassets in Resources */ = {isa = PBXBuildFile; fileRef = 1AC05CEB282E88AB006C22BE /* Preview Assets.xcassets */; };
		1AC05CF3282E936A006C22BE /* CurrentWeatherView.swift in Sources */ = {isa = PBXBuildFile; fileRef = 1AC05CF2282E936A006C22BE /* CurrentWeatherView.swift */; };
		1AC05CF5282EF604006C22BE /* HourlyWeatherView.swift in Sources */ = {isa = PBXBuildFile; fileRef = 1AC05CF4282EF604006C22BE /* HourlyWeatherView.swift */; };
		1AC05CF7282EF625006C22BE /* DailyWeatherView.swift in Sources */ = {isa = PBXBuildFile; fileRef = 1AC05CF6282EF625006C22BE /* DailyWeatherView.swift */; };
		1AEF1790285A2EE700A6B6EC /* WeatherAPI.swift in Sources */ = {isa = PBXBuildFile; fileRef = 1AEF178F285A2EE700A6B6EC /* WeatherAPI.swift */; };
		1AEF1792285A3CCD00A6B6EC /* LocationAPI.swift in Sources */ = {isa = PBXBuildFile; fileRef = 1AEF1791285A3CCD00A6B6EC /* LocationAPI.swift */; };
		1AEF1794285A444100A6B6EC /* LocationViewModel.swift in Sources */ = {isa = PBXBuildFile; fileRef = 1AEF1793285A444100A6B6EC /* LocationViewModel.swift */; };
		DDB5E9382425D6CA71223015 /* Pods_MyWeather.framework in Frameworks */ = {isa = PBXBuildFile; fileRef = BD8FD76FD3E95B19D5CAB868 /* Pods_MyWeather.framework */; };
/* End PBXBuildFile section */

/* Begin PBXFileReference section */
		19F660E71A2ADF7A82F80959 /* Pods-MyWeather.release.xcconfig */ = {isa = PBXFileReference; includeInIndex = 1; lastKnownFileType = text.xcconfig; name = "Pods-MyWeather.release.xcconfig"; path = "Target Support Files/Pods-MyWeather/Pods-MyWeather.release.xcconfig"; sourceTree = "<group>"; };
		1A1A6397285CB94B0076B343 /* NewWeatherViewModel.swift */ = {isa = PBXFileReference; lastKnownFileType = sourcecode.swift; path = NewWeatherViewModel.swift; sourceTree = "<group>"; };
		1A1C381A285F623500563115 /* IntExtension.swift */ = {isa = PBXFileReference; lastKnownFileType = sourcecode.swift; path = IntExtension.swift; sourceTree = "<group>"; };
		1A488F3D28354B8B00868C6E /* DoubleExtension.swift */ = {isa = PBXFileReference; lastKnownFileType = sourcecode.swift; path = DoubleExtension.swift; sourceTree = "<group>"; };
		1A6F73AF285E058E005E0EF0 /* WeatherAPIError.swift */ = {isa = PBXFileReference; lastKnownFileType = sourcecode.swift; path = WeatherAPIError.swift; sourceTree = "<group>"; };
		1A709225282FB77300477A91 /* ViewExtension.swift */ = {isa = PBXFileReference; lastKnownFileType = sourcecode.swift; path = ViewExtension.swift; sourceTree = "<group>"; };
		1A709229282FD35A00477A91 /* NetworkService.swift */ = {isa = PBXFileReference; lastKnownFileType = sourcecode.swift; path = NetworkService.swift; sourceTree = "<group>"; };
		1A70922B282FD8F700477A91 /* NetworkDataFetcher.swift */ = {isa = PBXFileReference; lastKnownFileType = sourcecode.swift; path = NetworkDataFetcher.swift; sourceTree = "<group>"; };
		1A70922E282FE25100477A91 /* LocationModel.swift */ = {isa = PBXFileReference; lastKnownFileType = sourcecode.swift; path = LocationModel.swift; sourceTree = "<group>"; };
		1A7092302830007C00477A91 /* WeatherModel.swift */ = {isa = PBXFileReference; lastKnownFileType = sourcecode.swift; path = WeatherModel.swift; sourceTree = "<group>"; };
		1A781AE92836C4610030AEDE /* NavigationBarModifier.swift */ = {isa = PBXFileReference; lastKnownFileType = sourcecode.swift; path = NavigationBarModifier.swift; sourceTree = "<group>"; };
		1A89D5B32833D20F00511D48 /* LocationManager.swift */ = {isa = PBXFileReference; lastKnownFileType = sourcecode.swift; path = LocationManager.swift; sourceTree = "<group>"; };
		1A89D5B72834079200511D48 /* WeatherViewModel.swift */ = {isa = PBXFileReference; lastKnownFileType = sourcecode.swift; path = WeatherViewModel.swift; sourceTree = "<group>"; };
		1AA3C56928367D5D003A0D07 /* WeatherManager.swift */ = {isa = PBXFileReference; lastKnownFileType = sourcecode.swift; path = WeatherManager.swift; sourceTree = "<group>"; };
		1AA3C56C28368943003A0D07 /* Constants.swift */ = {isa = PBXFileReference; lastKnownFileType = sourcecode.swift; path = Constants.swift; sourceTree = "<group>"; };
		1AA3C56E28368BB9003A0D07 /* PreviewWeatherModel.swift */ = {isa = PBXFileReference; lastKnownFileType = sourcecode.swift; path = PreviewWeatherModel.swift; sourceTree = "<group>"; };
		1AA3C57028369933003A0D07 /* StatefulPreviewWrapper.swift */ = {isa = PBXFileReference; lastKnownFileType = sourcecode.swift; path = StatefulPreviewWrapper.swift; sourceTree = "<group>"; };
		1AA40F4128327F950016EE1D /* LocationView.swift */ = {isa = PBXFileReference; lastKnownFileType = sourcecode.swift; path = LocationView.swift; sourceTree = "<group>"; };
		1AA40F452832D91F0016EE1D /* UserDefaultsExtension.swift */ = {isa = PBXFileReference; lastKnownFileType = sourcecode.swift; path = UserDefaultsExtension.swift; sourceTree = "<group>"; };
		1AC05CE1282E88A8006C22BE /* MyWeather.app */ = {isa = PBXFileReference; explicitFileType = wrapper.application; includeInIndex = 0; path = MyWeather.app; sourceTree = BUILT_PRODUCTS_DIR; };
		1AC05CE4282E88A8006C22BE /* MyWeatherApp.swift */ = {isa = PBXFileReference; lastKnownFileType = sourcecode.swift; path = MyWeatherApp.swift; sourceTree = "<group>"; };
		1AC05CE6282E88A8006C22BE /* ContentView.swift */ = {isa = PBXFileReference; lastKnownFileType = sourcecode.swift; path = ContentView.swift; sourceTree = "<group>"; };
		1AC05CE8282E88AB006C22BE /* Assets.xcassets */ = {isa = PBXFileReference; lastKnownFileType = folder.assetcatalog; path = Assets.xcassets; sourceTree = "<group>"; };
		1AC05CEB282E88AB006C22BE /* Preview Assets.xcassets */ = {isa = PBXFileReference; lastKnownFileType = folder.assetcatalog; path = "Preview Assets.xcassets"; sourceTree = "<group>"; };
		1AC05CF2282E936A006C22BE /* CurrentWeatherView.swift */ = {isa = PBXFileReference; lastKnownFileType = sourcecode.swift; path = CurrentWeatherView.swift; sourceTree = "<group>"; };
		1AC05CF4282EF604006C22BE /* HourlyWeatherView.swift */ = {isa = PBXFileReference; lastKnownFileType = sourcecode.swift; path = HourlyWeatherView.swift; sourceTree = "<group>"; };
		1AC05CF6282EF625006C22BE /* DailyWeatherView.swift */ = {isa = PBXFileReference; lastKnownFileType = sourcecode.swift; path = DailyWeatherView.swift; sourceTree = "<group>"; };
		1AEF178F285A2EE700A6B6EC /* WeatherAPI.swift */ = {isa = PBXFileReference; lastKnownFileType = sourcecode.swift; path = WeatherAPI.swift; sourceTree = "<group>"; };
		1AEF1791285A3CCD00A6B6EC /* LocationAPI.swift */ = {isa = PBXFileReference; lastKnownFileType = sourcecode.swift; path = LocationAPI.swift; sourceTree = "<group>"; };
		1AEF1793285A444100A6B6EC /* LocationViewModel.swift */ = {isa = PBXFileReference; lastKnownFileType = sourcecode.swift; path = LocationViewModel.swift; sourceTree = "<group>"; };
		56B0B396C9AD387DB838A8CB /* Pods-MyWeather.debug.xcconfig */ = {isa = PBXFileReference; includeInIndex = 1; lastKnownFileType = text.xcconfig; name = "Pods-MyWeather.debug.xcconfig"; path = "Target Support Files/Pods-MyWeather/Pods-MyWeather.debug.xcconfig"; sourceTree = "<group>"; };
		BD8FD76FD3E95B19D5CAB868 /* Pods_MyWeather.framework */ = {isa = PBXFileReference; explicitFileType = wrapper.framework; includeInIndex = 0; path = Pods_MyWeather.framework; sourceTree = BUILT_PRODUCTS_DIR; };
/* End PBXFileReference section */

/* Begin PBXFrameworksBuildPhase section */
		1AC05CDE282E88A8006C22BE /* Frameworks */ = {
			isa = PBXFrameworksBuildPhase;
			buildActionMask = 2147483647;
			files = (
				1A488F3A2835130000868C6E /* URLImage in Frameworks */,
				1A488F3C2835130000868C6E /* URLImageStore in Frameworks */,
				DDB5E9382425D6CA71223015 /* Pods_MyWeather.framework in Frameworks */,
			);
			runOnlyForDeploymentPostprocessing = 0;
		};
/* End PBXFrameworksBuildPhase section */

/* Begin PBXGroup section */
		1A709227282FB77E00477A91 /* Helpers */ = {
			isa = PBXGroup;
			children = (
				1A709225282FB77300477A91 /* ViewExtension.swift */,
				1AA40F452832D91F0016EE1D /* UserDefaultsExtension.swift */,
				1A488F3D28354B8B00868C6E /* DoubleExtension.swift */,
				1AA3C56C28368943003A0D07 /* Constants.swift */,
				1AA3C57028369933003A0D07 /* StatefulPreviewWrapper.swift */,
				1A781AE92836C4610030AEDE /* NavigationBarModifier.swift */,
				1AEF178F285A2EE700A6B6EC /* WeatherAPI.swift */,
				1AEF1791285A3CCD00A6B6EC /* LocationAPI.swift */,
				1A6F73AF285E058E005E0EF0 /* WeatherAPIError.swift */,
				1A1C381A285F623500563115 /* IntExtension.swift */,
			);
			path = Helpers;
			sourceTree = "<group>";
		};
		1A709228282FD33900477A91 /* Services */ = {
			isa = PBXGroup;
			children = (
				1AA3C56B28368591003A0D07 /* Models */,
				1A709229282FD35A00477A91 /* NetworkService.swift */,
				1A70922B282FD8F700477A91 /* NetworkDataFetcher.swift */,
				1A89D5B32833D20F00511D48 /* LocationManager.swift */,
				1AA3C56928367D5D003A0D07 /* WeatherManager.swift */,
			);
			path = Services;
			sourceTree = "<group>";
		};
		1A70923428300F0500477A91 /* Model */ = {
			isa = PBXGroup;
			children = (
				1A89D5B72834079200511D48 /* WeatherViewModel.swift */,
				1A1A6397285CB94B0076B343 /* NewWeatherViewModel.swift */,
			);
			path = Model;
			sourceTree = "<group>";
		};
		1A70923528300FF900477A91 /* Weather */ = {
			isa = PBXGroup;
			children = (
				1A70923428300F0500477A91 /* Model */,
				1AC05CE6282E88A8006C22BE /* ContentView.swift */,
				1AC05CF2282E936A006C22BE /* CurrentWeatherView.swift */,
				1AC05CF4282EF604006C22BE /* HourlyWeatherView.swift */,
				1AC05CF6282EF625006C22BE /* DailyWeatherView.swift */,
			);
			path = Weather;
			sourceTree = "<group>";
		};
		1AA3C56B28368591003A0D07 /* Models */ = {
			isa = PBXGroup;
			children = (
				1A70922E282FE25100477A91 /* LocationModel.swift */,
				1A7092302830007C00477A91 /* WeatherModel.swift */,
			);
			path = Models;
			sourceTree = "<group>";
		};
		1AA40F4328327FCE0016EE1D /* Location */ = {
			isa = PBXGroup;
			children = (
				1AEF1795285A444D00A6B6EC /* ViewModel */,
				1AA40F4128327F950016EE1D /* LocationView.swift */,
			);
			path = Location;
			sourceTree = "<group>";
		};
		1AC05CD8282E88A8006C22BE = {
			isa = PBXGroup;
			children = (
				1AC05CE3282E88A8006C22BE /* MyWeather */,
				1AC05CE2282E88A8006C22BE /* Products */,
				5C2864E413C57D48056647DD /* Pods */,
				1E57E591D29B0CC2C1CA5337 /* Frameworks */,
			);
			sourceTree = "<group>";
		};
		1AC05CE2282E88A8006C22BE /* Products */ = {
			isa = PBXGroup;
			children = (
				1AC05CE1282E88A8006C22BE /* MyWeather.app */,
			);
			name = Products;
			sourceTree = "<group>";
		};
		1AC05CE3282E88A8006C22BE /* MyWeather */ = {
			isa = PBXGroup;
			children = (
				1AC05CE4282E88A8006C22BE /* MyWeatherApp.swift */,
				1A709228282FD33900477A91 /* Services */,
				1A70923528300FF900477A91 /* Weather */,
				1AA40F4328327FCE0016EE1D /* Location */,
				1AC05CE8282E88AB006C22BE /* Assets.xcassets */,
				1A709227282FB77E00477A91 /* Helpers */,
				1AC05CEA282E88AB006C22BE /* Preview Content */,
			);
			path = MyWeather;
			sourceTree = "<group>";
		};
		1AC05CEA282E88AB006C22BE /* Preview Content */ = {
			isa = PBXGroup;
			children = (
				1AC05CEB282E88AB006C22BE /* Preview Assets.xcassets */,
				1AA3C56E28368BB9003A0D07 /* PreviewWeatherModel.swift */,
			);
			path = "Preview Content";
			sourceTree = "<group>";
		};
		1AEF1795285A444D00A6B6EC /* ViewModel */ = {
			isa = PBXGroup;
			children = (
				1AEF1793285A444100A6B6EC /* LocationViewModel.swift */,
			);
			path = ViewModel;
			sourceTree = "<group>";
		};
		1E57E591D29B0CC2C1CA5337 /* Frameworks */ = {
			isa = PBXGroup;
			children = (
				BD8FD76FD3E95B19D5CAB868 /* Pods_MyWeather.framework */,
			);
			name = Frameworks;
			sourceTree = "<group>";
		};
		5C2864E413C57D48056647DD /* Pods */ = {
			isa = PBXGroup;
			children = (
				56B0B396C9AD387DB838A8CB /* Pods-MyWeather.debug.xcconfig */,
				19F660E71A2ADF7A82F80959 /* Pods-MyWeather.release.xcconfig */,
			);
			path = Pods;
			sourceTree = "<group>";
		};
/* End PBXGroup section */

/* Begin PBXNativeTarget section */
		1AC05CE0282E88A8006C22BE /* MyWeather */ = {
			isa = PBXNativeTarget;
			buildConfigurationList = 1AC05CEF282E88AB006C22BE /* Build configuration list for PBXNativeTarget "MyWeather" */;
			buildPhases = (
				8D1D474F89677D6B293EC138 /* [CP] Check Pods Manifest.lock */,
				1AC05CDD282E88A8006C22BE /* Sources */,
				1AC05CDE282E88A8006C22BE /* Frameworks */,
				1AC05CDF282E88A8006C22BE /* Resources */,
				51DF0F023584103183B2C9A1 /* [CP] Embed Pods Frameworks */,
			);
			buildRules = (
			);
			dependencies = (
			);
			name = MyWeather;
			packageProductDependencies = (
				1A488F392835130000868C6E /* URLImage */,
				1A488F3B2835130000868C6E /* URLImageStore */,
			);
			productName = MyWeather;
			productReference = 1AC05CE1282E88A8006C22BE /* MyWeather.app */;
			productType = "com.apple.product-type.application";
		};
/* End PBXNativeTarget section */

/* Begin PBXProject section */
		1AC05CD9282E88A8006C22BE /* Project object */ = {
			isa = PBXProject;
			attributes = {
				BuildIndependentTargetsInParallel = 1;
				LastSwiftUpdateCheck = 1330;
				LastUpgradeCheck = 1330;
				TargetAttributes = {
					1AC05CE0282E88A8006C22BE = {
						CreatedOnToolsVersion = 13.3.1;
					};
				};
			};
			buildConfigurationList = 1AC05CDC282E88A8006C22BE /* Build configuration list for PBXProject "MyWeather" */;
			compatibilityVersion = "Xcode 13.0";
			developmentRegion = en;
			hasScannedForEncodings = 0;
			knownRegions = (
				en,
				Base,
			);
			mainGroup = 1AC05CD8282E88A8006C22BE;
			packageReferences = (
				1A488F382835130000868C6E /* XCRemoteSwiftPackageReference "url-image" */,
			);
			productRefGroup = 1AC05CE2282E88A8006C22BE /* Products */;
			projectDirPath = "";
			projectRoot = "";
			targets = (
				1AC05CE0282E88A8006C22BE /* MyWeather */,
			);
		};
/* End PBXProject section */

/* Begin PBXResourcesBuildPhase section */
		1AC05CDF282E88A8006C22BE /* Resources */ = {
			isa = PBXResourcesBuildPhase;
			buildActionMask = 2147483647;
			files = (
				1AC05CEC282E88AB006C22BE /* Preview Assets.xcassets in Resources */,
				1AC05CE9282E88AB006C22BE /* Assets.xcassets in Resources */,
			);
			runOnlyForDeploymentPostprocessing = 0;
		};
/* End PBXResourcesBuildPhase section */

/* Begin PBXShellScriptBuildPhase section */
		51DF0F023584103183B2C9A1 /* [CP] Embed Pods Frameworks */ = {
			isa = PBXShellScriptBuildPhase;
			buildActionMask = 2147483647;
			files = (
			);
			inputFileListPaths = (
				"${PODS_ROOT}/Target Support Files/Pods-MyWeather/Pods-MyWeather-frameworks-${CONFIGURATION}-input-files.xcfilelist",
			);
			name = "[CP] Embed Pods Frameworks";
			outputFileListPaths = (
				"${PODS_ROOT}/Target Support Files/Pods-MyWeather/Pods-MyWeather-frameworks-${CONFIGURATION}-output-files.xcfilelist",
			);
			runOnlyForDeploymentPostprocessing = 0;
			shellPath = /bin/sh;
			shellScript = "\"${PODS_ROOT}/Target Support Files/Pods-MyWeather/Pods-MyWeather-frameworks.sh\"\n";
			showEnvVarsInLog = 0;
		};
		8D1D474F89677D6B293EC138 /* [CP] Check Pods Manifest.lock */ = {
			isa = PBXShellScriptBuildPhase;
			buildActionMask = 2147483647;
			files = (
			);
			inputFileListPaths = (
			);
			inputPaths = (
				"${PODS_PODFILE_DIR_PATH}/Podfile.lock",
				"${PODS_ROOT}/Manifest.lock",
			);
			name = "[CP] Check Pods Manifest.lock";
			outputFileListPaths = (
			);
			outputPaths = (
				"$(DERIVED_FILE_DIR)/Pods-MyWeather-checkManifestLockResult.txt",
			);
			runOnlyForDeploymentPostprocessing = 0;
			shellPath = /bin/sh;
			shellScript = "diff \"${PODS_PODFILE_DIR_PATH}/Podfile.lock\" \"${PODS_ROOT}/Manifest.lock\" > /dev/null\nif [ $? != 0 ] ; then\n    # print error to STDERR\n    echo \"error: The sandbox is not in sync with the Podfile.lock. Run 'pod install' or update your CocoaPods installation.\" >&2\n    exit 1\nfi\n# This output is used by Xcode 'outputs' to avoid re-running this script phase.\necho \"SUCCESS\" > \"${SCRIPT_OUTPUT_FILE_0}\"\n";
			showEnvVarsInLog = 0;
		};
/* End PBXShellScriptBuildPhase section */

/* Begin PBXSourcesBuildPhase section */
		1AC05CDD282E88A8006C22BE /* Sources */ = {
			isa = PBXSourcesBuildPhase;
			buildActionMask = 2147483647;
			files = (
				1A488F3E28354B8C00868C6E /* DoubleExtension.swift in Sources */,
				1A6F73B0285E058E005E0EF0 /* WeatherAPIError.swift in Sources */,
				1AA3C56D28368943003A0D07 /* Constants.swift in Sources */,
				1A70922C282FD8F700477A91 /* NetworkDataFetcher.swift in Sources */,
				1A709226282FB77300477A91 /* ViewExtension.swift in Sources */,
				1A7092312830007C00477A91 /* WeatherModel.swift in Sources */,
				1A89D5B82834079200511D48 /* WeatherViewModel.swift in Sources */,
				1A1C381B285F623500563115 /* IntExtension.swift in Sources */,
				1AC05CF7282EF625006C22BE /* DailyWeatherView.swift in Sources */,
				1AC05CF5282EF604006C22BE /* HourlyWeatherView.swift in Sources */,
				1A70922F282FE25100477A91 /* LocationModel.swift in Sources */,
				1AA3C57128369933003A0D07 /* StatefulPreviewWrapper.swift in Sources */,
				1A781AEA2836C4610030AEDE /* NavigationBarModifier.swift in Sources */,
				1AC05CE7282E88A8006C22BE /* ContentView.swift in Sources */,
				1AC05CF3282E936A006C22BE /* CurrentWeatherView.swift in Sources */,
				1AA3C56A28367D5D003A0D07 /* WeatherManager.swift in Sources */,
				1AC05CE5282E88A8006C22BE /* MyWeatherApp.swift in Sources */,
				1AEF1790285A2EE700A6B6EC /* WeatherAPI.swift in Sources */,
				1A89D5B42833D20F00511D48 /* LocationManager.swift in Sources */,
				1AEF1794285A444100A6B6EC /* LocationViewModel.swift in Sources */,
				1A1A6398285CB94B0076B343 /* NewWeatherViewModel.swift in Sources */,
				1AA3C56F28368BB9003A0D07 /* PreviewWeatherModel.swift in Sources */,
				1AA40F4228327F950016EE1D /* LocationView.swift in Sources */,
				1AEF1792285A3CCD00A6B6EC /* LocationAPI.swift in Sources */,
				1A70922A282FD35A00477A91 /* NetworkService.swift in Sources */,
				1AA40F462832D91F0016EE1D /* UserDefaultsExtension.swift in Sources */,
			);
			runOnlyForDeploymentPostprocessing = 0;
		};
/* End PBXSourcesBuildPhase section */

/* Begin XCBuildConfiguration section */
		1AC05CED282E88AB006C22BE /* Debug */ = {
			isa = XCBuildConfiguration;
			buildSettings = {
				ALWAYS_SEARCH_USER_PATHS = NO;
				CLANG_ANALYZER_NONNULL = YES;
				CLANG_ANALYZER_NUMBER_OBJECT_CONVERSION = YES_AGGRESSIVE;
				CLANG_CXX_LANGUAGE_STANDARD = "gnu++17";
				CLANG_ENABLE_MODULES = YES;
				CLANG_ENABLE_OBJC_ARC = YES;
				CLANG_ENABLE_OBJC_WEAK = YES;
				CLANG_WARN_BLOCK_CAPTURE_AUTORELEASING = YES;
				CLANG_WARN_BOOL_CONVERSION = YES;
				CLANG_WARN_COMMA = YES;
				CLANG_WARN_CONSTANT_CONVERSION = YES;
				CLANG_WARN_DEPRECATED_OBJC_IMPLEMENTATIONS = YES;
				CLANG_WARN_DIRECT_OBJC_ISA_USAGE = YES_ERROR;
				CLANG_WARN_DOCUMENTATION_COMMENTS = YES;
				CLANG_WARN_EMPTY_BODY = YES;
				CLANG_WARN_ENUM_CONVERSION = YES;
				CLANG_WARN_INFINITE_RECURSION = YES;
				CLANG_WARN_INT_CONVERSION = YES;
				CLANG_WARN_NON_LITERAL_NULL_CONVERSION = YES;
				CLANG_WARN_OBJC_IMPLICIT_RETAIN_SELF = YES;
				CLANG_WARN_OBJC_LITERAL_CONVERSION = YES;
				CLANG_WARN_OBJC_ROOT_CLASS = YES_ERROR;
				CLANG_WARN_QUOTED_INCLUDE_IN_FRAMEWORK_HEADER = YES;
				CLANG_WARN_RANGE_LOOP_ANALYSIS = YES;
				CLANG_WARN_STRICT_PROTOTYPES = YES;
				CLANG_WARN_SUSPICIOUS_MOVE = YES;
				CLANG_WARN_UNGUARDED_AVAILABILITY = YES_AGGRESSIVE;
				CLANG_WARN_UNREACHABLE_CODE = YES;
				CLANG_WARN__DUPLICATE_METHOD_MATCH = YES;
				COPY_PHASE_STRIP = NO;
				DEBUG_INFORMATION_FORMAT = dwarf;
				ENABLE_STRICT_OBJC_MSGSEND = YES;
				ENABLE_TESTABILITY = YES;
				GCC_C_LANGUAGE_STANDARD = gnu11;
				GCC_DYNAMIC_NO_PIC = NO;
				GCC_NO_COMMON_BLOCKS = YES;
				GCC_OPTIMIZATION_LEVEL = 0;
				GCC_PREPROCESSOR_DEFINITIONS = (
					"DEBUG=1",
					"$(inherited)",
				);
				GCC_WARN_64_TO_32_BIT_CONVERSION = YES;
				GCC_WARN_ABOUT_RETURN_TYPE = YES_ERROR;
				GCC_WARN_UNDECLARED_SELECTOR = YES;
				GCC_WARN_UNINITIALIZED_AUTOS = YES_AGGRESSIVE;
				GCC_WARN_UNUSED_FUNCTION = YES;
				GCC_WARN_UNUSED_VARIABLE = YES;
				IPHONEOS_DEPLOYMENT_TARGET = 15.4;
				MTL_ENABLE_DEBUG_INFO = INCLUDE_SOURCE;
				MTL_FAST_MATH = YES;
				ONLY_ACTIVE_ARCH = YES;
				SDKROOT = iphoneos;
				SWIFT_ACTIVE_COMPILATION_CONDITIONS = DEBUG;
				SWIFT_OPTIMIZATION_LEVEL = "-Onone";
			};
			name = Debug;
		};
		1AC05CEE282E88AB006C22BE /* Release */ = {
			isa = XCBuildConfiguration;
			buildSettings = {
				ALWAYS_SEARCH_USER_PATHS = NO;
				CLANG_ANALYZER_NONNULL = YES;
				CLANG_ANALYZER_NUMBER_OBJECT_CONVERSION = YES_AGGRESSIVE;
				CLANG_CXX_LANGUAGE_STANDARD = "gnu++17";
				CLANG_ENABLE_MODULES = YES;
				CLANG_ENABLE_OBJC_ARC = YES;
				CLANG_ENABLE_OBJC_WEAK = YES;
				CLANG_WARN_BLOCK_CAPTURE_AUTORELEASING = YES;
				CLANG_WARN_BOOL_CONVERSION = YES;
				CLANG_WARN_COMMA = YES;
				CLANG_WARN_CONSTANT_CONVERSION = YES;
				CLANG_WARN_DEPRECATED_OBJC_IMPLEMENTATIONS = YES;
				CLANG_WARN_DIRECT_OBJC_ISA_USAGE = YES_ERROR;
				CLANG_WARN_DOCUMENTATION_COMMENTS = YES;
				CLANG_WARN_EMPTY_BODY = YES;
				CLANG_WARN_ENUM_CONVERSION = YES;
				CLANG_WARN_INFINITE_RECURSION = YES;
				CLANG_WARN_INT_CONVERSION = YES;
				CLANG_WARN_NON_LITERAL_NULL_CONVERSION = YES;
				CLANG_WARN_OBJC_IMPLICIT_RETAIN_SELF = YES;
				CLANG_WARN_OBJC_LITERAL_CONVERSION = YES;
				CLANG_WARN_OBJC_ROOT_CLASS = YES_ERROR;
				CLANG_WARN_QUOTED_INCLUDE_IN_FRAMEWORK_HEADER = YES;
				CLANG_WARN_RANGE_LOOP_ANALYSIS = YES;
				CLANG_WARN_STRICT_PROTOTYPES = YES;
				CLANG_WARN_SUSPICIOUS_MOVE = YES;
				CLANG_WARN_UNGUARDED_AVAILABILITY = YES_AGGRESSIVE;
				CLANG_WARN_UNREACHABLE_CODE = YES;
				CLANG_WARN__DUPLICATE_METHOD_MATCH = YES;
				COPY_PHASE_STRIP = NO;
				DEBUG_INFORMATION_FORMAT = "dwarf-with-dsym";
				ENABLE_NS_ASSERTIONS = NO;
				ENABLE_STRICT_OBJC_MSGSEND = YES;
				GCC_C_LANGUAGE_STANDARD = gnu11;
				GCC_NO_COMMON_BLOCKS = YES;
				GCC_WARN_64_TO_32_BIT_CONVERSION = YES;
				GCC_WARN_ABOUT_RETURN_TYPE = YES_ERROR;
				GCC_WARN_UNDECLARED_SELECTOR = YES;
				GCC_WARN_UNINITIALIZED_AUTOS = YES_AGGRESSIVE;
				GCC_WARN_UNUSED_FUNCTION = YES;
				GCC_WARN_UNUSED_VARIABLE = YES;
				IPHONEOS_DEPLOYMENT_TARGET = 15.4;
				MTL_ENABLE_DEBUG_INFO = NO;
				MTL_FAST_MATH = YES;
				SDKROOT = iphoneos;
				SWIFT_COMPILATION_MODE = wholemodule;
				SWIFT_OPTIMIZATION_LEVEL = "-O";
				VALIDATE_PRODUCT = YES;
			};
			name = Release;
		};
		1AC05CF0282E88AB006C22BE /* Debug */ = {
			isa = XCBuildConfiguration;
			baseConfigurationReference = 56B0B396C9AD387DB838A8CB /* Pods-MyWeather.debug.xcconfig */;
			buildSettings = {
				ASSETCATALOG_COMPILER_APPICON_NAME = AppIcon;
				ASSETCATALOG_COMPILER_GLOBAL_ACCENT_COLOR_NAME = AccentColor;
				CODE_SIGN_STYLE = Automatic;
				CURRENT_PROJECT_VERSION = 1;
				DEVELOPMENT_ASSET_PATHS = "\"MyWeather/Preview Content\"";
				DEVELOPMENT_TEAM = XS6MHWV662;
				ENABLE_PREVIEWS = YES;
				GENERATE_INFOPLIST_FILE = YES;
				INFOPLIST_KEY_NSLocationAlwaysAndWhenInUseUsageDescription = "We need your location data to provide weather information.";
				INFOPLIST_KEY_NSLocationWhenInUseUsageDescription = "We need your location data to provide weather information.";
				INFOPLIST_KEY_UIApplicationSceneManifest_Generation = YES;
				INFOPLIST_KEY_UIApplicationSupportsIndirectInputEvents = YES;
				INFOPLIST_KEY_UILaunchScreen_Generation = YES;
				INFOPLIST_KEY_UIStatusBarHidden = NO;
				INFOPLIST_KEY_UISupportedInterfaceOrientations = UIInterfaceOrientationPortrait;
				INFOPLIST_KEY_UISupportedInterfaceOrientations_iPad = "UIInterfaceOrientationPortrait UIInterfaceOrientationPortraitUpsideDown UIInterfaceOrientationLandscapeLeft UIInterfaceOrientationLandscapeRight";
				INFOPLIST_KEY_UISupportedInterfaceOrientations_iPhone = "UIInterfaceOrientationPortrait UIInterfaceOrientationLandscapeLeft UIInterfaceOrientationLandscapeRight";
				IPHONEOS_DEPLOYMENT_TARGET = 15.5;
				LD_RUNPATH_SEARCH_PATHS = (
					"$(inherited)",
					"@executable_path/Frameworks",
				);
				MARKETING_VERSION = 1.0;
				PRODUCT_BUNDLE_IDENTIFIER = com.sadyrev.MyWeather;
				PRODUCT_NAME = "$(TARGET_NAME)";
				SWIFT_EMIT_LOC_STRINGS = YES;
				SWIFT_VERSION = 5.0;
				TARGETED_DEVICE_FAMILY = 1;
			};
			name = Debug;
		};
		1AC05CF1282E88AB006C22BE /* Release */ = {
			isa = XCBuildConfiguration;
			baseConfigurationReference = 19F660E71A2ADF7A82F80959 /* Pods-MyWeather.release.xcconfig */;
			buildSettings = {
				ASSETCATALOG_COMPILER_APPICON_NAME = AppIcon;
				ASSETCATALOG_COMPILER_GLOBAL_ACCENT_COLOR_NAME = AccentColor;
				CODE_SIGN_STYLE = Automatic;
				CURRENT_PROJECT_VERSION = 1;
				DEVELOPMENT_ASSET_PATHS = "\"MyWeather/Preview Content\"";
				DEVELOPMENT_TEAM = XS6MHWV662;
				ENABLE_PREVIEWS = YES;
				GENERATE_INFOPLIST_FILE = YES;
				INFOPLIST_KEY_NSLocationAlwaysAndWhenInUseUsageDescription = "We need your location data to provide weather information.";
				INFOPLIST_KEY_NSLocationWhenInUseUsageDescription = "We need your location data to provide weather information.";
				INFOPLIST_KEY_UIApplicationSceneManifest_Generation = YES;
				INFOPLIST_KEY_UIApplicationSupportsIndirectInputEvents = YES;
				INFOPLIST_KEY_UILaunchScreen_Generation = YES;
				INFOPLIST_KEY_UIStatusBarHidden = NO;
				INFOPLIST_KEY_UISupportedInterfaceOrientations = UIInterfaceOrientationPortrait;
				INFOPLIST_KEY_UISupportedInterfaceOrientations_iPad = "UIInterfaceOrientationPortrait UIInterfaceOrientationPortraitUpsideDown UIInterfaceOrientationLandscapeLeft UIInterfaceOrientationLandscapeRight";
				INFOPLIST_KEY_UISupportedInterfaceOrientations_iPhone = "UIInterfaceOrientationPortrait UIInterfaceOrientationLandscapeLeft UIInterfaceOrientationLandscapeRight";
				IPHONEOS_DEPLOYMENT_TARGET = 15.5;
				LD_RUNPATH_SEARCH_PATHS = (
					"$(inherited)",
					"@executable_path/Frameworks",
				);
				MARKETING_VERSION = 1.0;
				PRODUCT_BUNDLE_IDENTIFIER = com.sadyrev.MyWeather;
				PRODUCT_NAME = "$(TARGET_NAME)";
				SWIFT_EMIT_LOC_STRINGS = YES;
				SWIFT_VERSION = 5.0;
				TARGETED_DEVICE_FAMILY = 1;
			};
			name = Release;
		};
/* End XCBuildConfiguration section */

/* Begin XCConfigurationList section */
		1AC05CDC282E88A8006C22BE /* Build configuration list for PBXProject "MyWeather" */ = {
			isa = XCConfigurationList;
			buildConfigurations = (
				1AC05CED282E88AB006C22BE /* Debug */,
				1AC05CEE282E88AB006C22BE /* Release */,
			);
			defaultConfigurationIsVisible = 0;
			defaultConfigurationName = Release;
		};
		1AC05CEF282E88AB006C22BE /* Build configuration list for PBXNativeTarget "MyWeather" */ = {
			isa = XCConfigurationList;
			buildConfigurations = (
				1AC05CF0282E88AB006C22BE /* Debug */,
				1AC05CF1282E88AB006C22BE /* Release */,
			);
			defaultConfigurationIsVisible = 0;
			defaultConfigurationName = Release;
		};
/* End XCConfigurationList section */

/* Begin XCRemoteSwiftPackageReference section */
		1A488F382835130000868C6E /* XCRemoteSwiftPackageReference "url-image" */ = {
			isa = XCRemoteSwiftPackageReference;
			repositoryURL = "https://github.com/dmytro-anokhin/url-image";
			requirement = {
				branch = main;
				kind = branch;
			};
		};
/* End XCRemoteSwiftPackageReference section */

/* Begin XCSwiftPackageProductDependency section */
		1A488F392835130000868C6E /* URLImage */ = {
			isa = XCSwiftPackageProductDependency;
			package = 1A488F382835130000868C6E /* XCRemoteSwiftPackageReference "url-image" */;
			productName = URLImage;
		};
		1A488F3B2835130000868C6E /* URLImageStore */ = {
			isa = XCSwiftPackageProductDependency;
			package = 1A488F382835130000868C6E /* XCRemoteSwiftPackageReference "url-image" */;
			productName = URLImageStore;
		};
/* End XCSwiftPackageProductDependency section */
	};
	rootObject = 1AC05CD9282E88A8006C22BE /* Project object */;
}
